
Microsoft Visual Studio Solution File, Format Version 12.00
# Visual Studio Version 17
VisualStudioVersion = 17.6.33829.357
MinimumVisualStudioVersion = 10.0.40219.1
Project("{FAE04EC0-301F-11D3-BF4B-00C04F79EFBC}") = "Assignment6", "Assignment6\Assignment6.csproj", "{2D0A3D9F-F7F3-4B9F-B387-EC05E0D8946F}"
EndProject
Global
	GlobalSection(SolutionConfigurationPlatforms) = preSolution
		Debug|Any CPU = Debug|Any CPU
		Release|Any CPU = Release|Any CPU
	EndGlobalSection
	GlobalSection(ProjectConfigurationPlatforms) = postSolution
		{2D0A3D9F-F7F3-4B9F-B387-EC05E0D8946F}.Debug|Any CPU.ActiveCfg = Debug|Any CPU
		{2D0A3D9F-F7F3-4B9F-B387-EC05E0D8946F}.Debug|Any CPU.Build.0 = Debug|Any CPU
		{2D0A3D9F-F7F3-4B9F-B387-EC05E0D8946F}.Release|Any CPU.ActiveCfg = Release|Any CPU
		{2D0A3D9F-F7F3-4B9F-B387-EC05E0D8946F}.Release|Any CPU.Build.0 = Release|Any CPU
	EndGlobalSection
	GlobalSection(SolutionProperties) = preSolution
		HideSolutionNode = FALSE
	EndGlobalSection
	GlobalSection(ExtensibilityGlobals) = postSolution
		SolutionGuid = {FB4FE3E9-9CD9-4FAA-AF94-4FD47DB67E11}
	EndGlobalSection
EndGlobal
